
Microsoft Visual Studio Solution File, Format Version 12.00
# Visual Studio 15
VisualStudioVersion = 15.0.28307.136
MinimumVisualStudioVersion = 10.0.40219.1
Project("{FAE04EC0-301F-11D3-BF4B-00C04F79EFBC}") = "BlackPearl.Xamarin.Android", "BlackPearl.Xamarin\BlackPearl.Xamarin.Android\BlackPearl.Xamarin.Android.csproj", "{EC018815-1A5C-41FF-8FDE-A34A11AA4BB3}"
EndProject
Project("{FAE04EC0-301F-11D3-BF4B-00C04F79EFBC}") = "BlackPearl.Xamarin.iOS", "BlackPearl.Xamarin\BlackPearl.Xamarin.iOS\BlackPearl.Xamarin.iOS.csproj", "{0ECCFB0E-0EFA-4CE0-AE73-E9A530F77E22}"
EndProject
Project("{FAE04EC0-301F-11D3-BF4B-00C04F79EFBC}") = "BlackPearl.Xamarin", "BlackPearl.Xamarin\BlackPearl.Xamarin\BlackPearl.Xamarin.csproj", "{3AF59E3A-B638-49AA-BCF2-A87846184234}"
EndProject
Global
	GlobalSection(SolutionConfigurationPlatforms) = preSolution
		Ad-Hoc|Any CPU = Ad-Hoc|Any CPU
		Ad-Hoc|iPhone = Ad-Hoc|iPhone
		Ad-Hoc|iPhoneSimulator = Ad-Hoc|iPhoneSimulator
		AppStore|Any CPU = AppStore|Any CPU
		AppStore|iPhone = AppStore|iPhone
		AppStore|iPhoneSimulator = AppStore|iPhoneSimulator
		Debug|Any CPU = Debug|Any CPU
		Debug|iPhone = Debug|iPhone
		Debug|iPhoneSimulator = Debug|iPhoneSimulator
		Release|Any CPU = Release|Any CPU
		Release|iPhone = Release|iPhone
		Release|iPhoneSimulator = Release|iPhoneSimulator
	EndGlobalSection
	GlobalSection(ProjectConfigurationPlatforms) = postSolution
		{EC018815-1A5C-41FF-8FDE-A34A11AA4BB3}.Ad-Hoc|Any CPU.ActiveCfg = Release|Any CPU
		{EC018815-1A5C-41FF-8FDE-A34A11AA4BB3}.Ad-Hoc|Any CPU.Build.0 = Release|Any CPU
		{EC018815-1A5C-41FF-8FDE-A34A11AA4BB3}.Ad-Hoc|Any CPU.Deploy.0 = Release|Any CPU
		{EC018815-1A5C-41FF-8FDE-A34A11AA4BB3}.Ad-Hoc|iPhone.ActiveCfg = Release|Any CPU
		{EC018815-1A5C-41FF-8FDE-A34A11AA4BB3}.Ad-Hoc|iPhone.Build.0 = Release|Any CPU
		{EC018815-1A5C-41FF-8FDE-A34A11AA4BB3}.Ad-Hoc|iPhone.Deploy.0 = Release|Any CPU
		{EC018815-1A5C-41FF-8FDE-A34A11AA4BB3}.Ad-Hoc|iPhoneSimulator.ActiveCfg = Release|Any CPU
		{EC018815-1A5C-41FF-8FDE-A34A11AA4BB3}.Ad-Hoc|iPhoneSimulator.Build.0 = Release|Any CPU
		{EC018815-1A5C-41FF-8FDE-A34A11AA4BB3}.Ad-Hoc|iPhoneSimulator.Deploy.0 = Release|Any CPU
		{EC018815-1A5C-41FF-8FDE-A34A11AA4BB3}.AppStore|Any CPU.ActiveCfg = Release|Any CPU
		{EC018815-1A5C-41FF-8FDE-A34A11AA4BB3}.AppStore|Any CPU.Build.0 = Release|Any CPU
		{EC018815-1A5C-41FF-8FDE-A34A11AA4BB3}.AppStore|Any CPU.Deploy.0 = Release|Any CPU
		{EC018815-1A5C-41FF-8FDE-A34A11AA4BB3}.AppStore|iPhone.ActiveCfg = Release|Any CPU
		{EC018815-1A5C-41FF-8FDE-A34A11AA4BB3}.AppStore|iPhone.Build.0 = Release|Any CPU
		{EC018815-1A5C-41FF-8FDE-A34A11AA4BB3}.AppStore|iPhone.Deploy.0 = Release|Any CPU
		{EC018815-1A5C-41FF-8FDE-A34A11AA4BB3}.AppStore|iPhoneSimulator.ActiveCfg = Release|Any CPU
		{EC018815-1A5C-41FF-8FDE-A34A11AA4BB3}.AppStore|iPhoneSimulator.Build.0 = Release|Any CPU
		{EC018815-1A5C-41FF-8FDE-A34A11AA4BB3}.AppStore|iPhoneSimulator.Deploy.0 = Release|Any CPU
		{EC018815-1A5C-41FF-8FDE-A34A11AA4BB3}.Debug|Any CPU.ActiveCfg = Debug|Any CPU
		{EC018815-1A5C-41FF-8FDE-A34A11AA4BB3}.Debug|Any CPU.Build.0 = Debug|Any CPU
		{EC018815-1A5C-41FF-8FDE-A34A11AA4BB3}.Debug|Any CPU.Deploy.0 = Debug|Any CPU
		{EC018815-1A5C-41FF-8FDE-A34A11AA4BB3}.Debug|iPhone.ActiveCfg = Debug|Any CPU
		{EC018815-1A5C-41FF-8FDE-A34A11AA4BB3}.Debug|iPhone.Build.0 = Debug|Any CPU
		{EC018815-1A5C-41FF-8FDE-A34A11AA4BB3}.Debug|iPhone.Deploy.0 = Debug|Any CPU
		{EC018815-1A5C-41FF-8FDE-A34A11AA4BB3}.Debug|iPhoneSimulator.ActiveCfg = Debug|Any CPU
		{EC018815-1A5C-41FF-8FDE-A34A11AA4BB3}.Debug|iPhoneSimulator.Build.0 = Debug|Any CPU
		{EC018815-1A5C-41FF-8FDE-A34A11AA4BB3}.Debug|iPhoneSimulator.Deploy.0 = Debug|Any CPU
		{EC018815-1A5C-41FF-8FDE-A34A11AA4BB3}.Release|Any CPU.ActiveCfg = Release|Any CPU
		{EC018815-1A5C-41FF-8FDE-A34A11AA4BB3}.Release|Any CPU.Build.0 = Release|Any CPU
		{EC018815-1A5C-41FF-8FDE-A34A11AA4BB3}.Release|Any CPU.Deploy.0 = Release|Any CPU
		{EC018815-1A5C-41FF-8FDE-A34A11AA4BB3}.Release|iPhone.ActiveCfg = Release|Any CPU
		{EC018815-1A5C-41FF-8FDE-A34A11AA4BB3}.Release|iPhone.Build.0 = Release|Any CPU
		{EC018815-1A5C-41FF-8FDE-A34A11AA4BB3}.Release|iPhone.Deploy.0 = Release|Any CPU
		{EC018815-1A5C-41FF-8FDE-A34A11AA4BB3}.Release|iPhoneSimulator.ActiveCfg = Release|Any CPU
		{EC018815-1A5C-41FF-8FDE-A34A11AA4BB3}.Release|iPhoneSimulator.Build.0 = Release|Any CPU
		{EC018815-1A5C-41FF-8FDE-A34A11AA4BB3}.Release|iPhoneSimulator.Deploy.0 = Release|Any CPU
		{0ECCFB0E-0EFA-4CE0-AE73-E9A530F77E22}.Ad-Hoc|Any CPU.ActiveCfg = Ad-Hoc|iPhone
		{0ECCFB0E-0EFA-4CE0-AE73-E9A530F77E22}.Ad-Hoc|Any CPU.Build.0 = Ad-Hoc|iPhone
		{0ECCFB0E-0EFA-4CE0-AE73-E9A530F77E22}.Ad-Hoc|Any CPU.Deploy.0 = Ad-Hoc|iPhone
		{0ECCFB0E-0EFA-4CE0-AE73-E9A530F77E22}.Ad-Hoc|iPhone.ActiveCfg = Ad-Hoc|iPhone
		{0ECCFB0E-0EFA-4CE0-AE73-E9A530F77E22}.Ad-Hoc|iPhone.Build.0 = Ad-Hoc|iPhone
		{0ECCFB0E-0EFA-4CE0-AE73-E9A530F77E22}.Ad-Hoc|iPhone.Deploy.0 = Ad-Hoc|iPhone
		{0ECCFB0E-0EFA-4CE0-AE73-E9A530F77E22}.Ad-Hoc|iPhoneSimulator.ActiveCfg = Ad-Hoc|iPhoneSimulator
		{0ECCFB0E-0EFA-4CE0-AE73-E9A530F77E22}.Ad-Hoc|iPhoneSimulator.Build.0 = Ad-Hoc|iPhoneSimulator
		{0ECCFB0E-0EFA-4CE0-AE73-E9A530F77E22}.Ad-Hoc|iPhoneSimulator.Deploy.0 = Ad-Hoc|iPhoneSimulator
		{0ECCFB0E-0EFA-4CE0-AE73-E9A530F77E22}.AppStore|Any CPU.ActiveCfg = AppStore|iPhone
		{0ECCFB0E-0EFA-4CE0-AE73-E9A530F77E22}.AppStore|Any CPU.Build.0 = AppStore|iPhone
		{0ECCFB0E-0EFA-4CE0-AE73-E9A530F77E22}.AppStore|Any CPU.Deploy.0 = AppStore|iPhone
		{0ECCFB0E-0EFA-4CE0-AE73-E9A530F77E22}.AppStore|iPhone.ActiveCfg = AppStore|iPhone
		{0ECCFB0E-0EFA-4CE0-AE73-E9A530F77E22}.AppStore|iPhone.Build.0 = AppStore|iPhone
		{0ECCFB0E-0EFA-4CE0-AE73-E9A530F77E22}.AppStore|iPhone.Deploy.0 = AppStore|iPhone
		{0ECCFB0E-0EFA-4CE0-AE73-E9A530F77E22}.AppStore|iPhoneSimulator.ActiveCfg = AppStore|iPhoneSimulator
		{0ECCFB0E-0EFA-4CE0-AE73-E9A530F77E22}.AppStore|iPhoneSimulator.Build.0 = AppStore|iPhoneSimulator
		{0ECCFB0E-0EFA-4CE0-AE73-E9A530F77E22}.AppStore|iPhoneSimulator.Deploy.0 = AppStore|iPhoneSimulator
		{0ECCFB0E-0EFA-4CE0-AE73-E9A530F77E22}.Debug|Any CPU.ActiveCfg = Debug|iPhoneSimulator
		{0ECCFB0E-0EFA-4CE0-AE73-E9A530F77E22}.Debug|Any CPU.Build.0 = Debug|iPhoneSimulator
		{0ECCFB0E-0EFA-4CE0-AE73-E9A530F77E22}.Debug|Any CPU.Deploy.0 = Debug|iPhoneSimulator
		{0ECCFB0E-0EFA-4CE0-AE73-E9A530F77E22}.Debug|iPhone.ActiveCfg = Debug|iPhone
		{0ECCFB0E-0EFA-4CE0-AE73-E9A530F77E22}.Debug|iPhone.Build.0 = Debug|iPhone
		{0ECCFB0E-0EFA-4CE0-AE73-E9A530F77E22}.Debug|iPhone.Deploy.0 = Debug|iPhone
		{0ECCFB0E-0EFA-4CE0-AE73-E9A530F77E22}.Debug|iPhoneSimulator.ActiveCfg = Debug|iPhoneSimulator
		{0ECCFB0E-0EFA-4CE0-AE73-E9A530F77E22}.Debug|iPhoneSimulator.Build.0 = Debug|iPhoneSimulator
		{0ECCFB0E-0EFA-4CE0-AE73-E9A530F77E22}.Debug|iPhoneSimulator.Deploy.0 = Debug|iPhoneSimulator
		{0ECCFB0E-0EFA-4CE0-AE73-E9A530F77E22}.Release|Any CPU.ActiveCfg = Release|iPhone
		{0ECCFB0E-0EFA-4CE0-AE73-E9A530F77E22}.Release|Any CPU.Build.0 = Release|iPhone
		{0ECCFB0E-0EFA-4CE0-AE73-E9A530F77E22}.Release|Any CPU.Deploy.0 = Release|iPhone
		{0ECCFB0E-0EFA-4CE0-AE73-E9A530F77E22}.Release|iPhone.ActiveCfg = Release|iPhone
		{0ECCFB0E-0EFA-4CE0-AE73-E9A530F77E22}.Release|iPhone.Build.0 = Release|iPhone
		{0ECCFB0E-0EFA-4CE0-AE73-E9A530F77E22}.Release|iPhone.Deploy.0 = Release|iPhone
		{0ECCFB0E-0EFA-4CE0-AE73-E9A530F77E22}.Release|iPhoneSimulator.ActiveCfg = Release|iPhoneSimulator
		{0ECCFB0E-0EFA-4CE0-AE73-E9A530F77E22}.Release|iPhoneSimulator.Build.0 = Release|iPhoneSimulator
		{0ECCFB0E-0EFA-4CE0-AE73-E9A530F77E22}.Release|iPhoneSimulator.Deploy.0 = Release|iPhoneSimulator
		{3AF59E3A-B638-49AA-BCF2-A87846184234}.Ad-Hoc|Any CPU.ActiveCfg = Debug|Any CPU
		{3AF59E3A-B638-49AA-BCF2-A87846184234}.Ad-Hoc|Any CPU.Build.0 = Debug|Any CPU
		{3AF59E3A-B638-49AA-BCF2-A87846184234}.Ad-Hoc|Any CPU.Deploy.0 = Debug|Any CPU
		{3AF59E3A-B638-49AA-BCF2-A87846184234}.Ad-Hoc|iPhone.ActiveCfg = Debug|Any CPU
		{3AF59E3A-B638-49AA-BCF2-A87846184234}.Ad-Hoc|iPhone.Build.0 = Debug|Any CPU
		{3AF59E3A-B638-49AA-BCF2-A87846184234}.Ad-Hoc|iPhone.Deploy.0 = Debug|Any CPU
		{3AF59E3A-B638-49AA-BCF2-A87846184234}.Ad-Hoc|iPhoneSimulator.ActiveCfg = Debug|Any CPU
		{3AF59E3A-B638-49AA-BCF2-A87846184234}.Ad-Hoc|iPhoneSimulator.Build.0 = Debug|Any CPU
		{3AF59E3A-B638-49AA-BCF2-A87846184234}.Ad-Hoc|iPhoneSimulator.Deploy.0 = Debug|Any CPU
		{3AF59E3A-B638-49AA-BCF2-A87846184234}.AppStore|Any CPU.ActiveCfg = Debug|Any CPU
		{3AF59E3A-B638-49AA-BCF2-A87846184234}.AppStore|Any CPU.Build.0 = Debug|Any CPU
		{3AF59E3A-B638-49AA-BCF2-A87846184234}.AppStore|Any CPU.Deploy.0 = Debug|Any CPU
		{3AF59E3A-B638-49AA-BCF2-A87846184234}.AppStore|iPhone.ActiveCfg = Debug|Any CPU
		{3AF59E3A-B638-49AA-BCF2-A87846184234}.AppStore|iPhone.Build.0 = Debug|Any CPU
		{3AF59E3A-B638-49AA-BCF2-A87846184234}.AppStore|iPhone.Deploy.0 = Debug|Any CPU
		{3AF59E3A-B638-49AA-BCF2-A87846184234}.AppStore|iPhoneSimulator.ActiveCfg = Debug|Any CPU
		{3AF59E3A-B638-49AA-BCF2-A87846184234}.AppStore|iPhoneSimulator.Build.0 = Debug|Any CPU
		{3AF59E3A-B638-49AA-BCF2-A87846184234}.AppStore|iPhoneSimulator.Deploy.0 = Debug|Any CPU
		{3AF59E3A-B638-49AA-BCF2-A87846184234}.Debug|Any CPU.ActiveCfg = Debug|Any CPU
		{3AF59E3A-B638-49AA-BCF2-A87846184234}.Debug|Any CPU.Build.0 = Debug|Any CPU
		{3AF59E3A-B638-49AA-BCF2-A87846184234}.Debug|Any CPU.Deploy.0 = Debug|Any CPU
		{3AF59E3A-B638-49AA-BCF2-A87846184234}.Debug|iPhone.ActiveCfg = Debug|Any CPU
		{3AF59E3A-B638-49AA-BCF2-A87846184234}.Debug|iPhone.Build.0 = Debug|Any CPU
		{3AF59E3A-B638-49AA-BCF2-A87846184234}.Debug|iPhone.Deploy.0 = Debug|Any CPU
		{3AF59E3A-B638-49AA-BCF2-A87846184234}.Debug|iPhoneSimulator.ActiveCfg = Debug|Any CPU
		{3AF59E3A-B638-49AA-BCF2-A87846184234}.Debug|iPhoneSimulator.Build.0 = Debug|Any CPU
		{3AF59E3A-B638-49AA-BCF2-A87846184234}.Debug|iPhoneSimulator.Deploy.0 = Debug|Any CPU
		{3AF59E3A-B638-49AA-BCF2-A87846184234}.Release|Any CPU.ActiveCfg = Release|Any CPU
		{3AF59E3A-B638-49AA-BCF2-A87846184234}.Release|Any CPU.Build.0 = Release|Any CPU
		{3AF59E3A-B638-49AA-BCF2-A87846184234}.Release|Any CPU.Deploy.0 = Release|Any CPU
		{3AF59E3A-B638-49AA-BCF2-A87846184234}.Release|iPhone.ActiveCfg = Release|Any CPU
		{3AF59E3A-B638-49AA-BCF2-A87846184234}.Release|iPhone.Build.0 = Release|Any CPU
		{3AF59E3A-B638-49AA-BCF2-A87846184234}.Release|iPhone.Deploy.0 = Release|Any CPU
		{3AF59E3A-B638-49AA-BCF2-A87846184234}.Release|iPhoneSimulator.ActiveCfg = Release|Any CPU
		{3AF59E3A-B638-49AA-BCF2-A87846184234}.Release|iPhoneSimulator.Build.0 = Release|Any CPU
		{3AF59E3A-B638-49AA-BCF2-A87846184234}.Release|iPhoneSimulator.Deploy.0 = Release|Any CPU
	EndGlobalSection
	GlobalSection(SolutionProperties) = preSolution
		HideSolutionNode = FALSE
	EndGlobalSection
	GlobalSection(ExtensibilityGlobals) = postSolution
		SolutionGuid = {65F486A9-5EE9-421F-BAE4-34FDA6E55C9D}
	EndGlobalSection
EndGlobal
